
Microsoft Visual Studio Solution File, Format Version 12.00
Project("{FAE04EC0-301F-11D3-BF4B-00C04F79EFBC}") = "BookRental.Api", "BookRental.Api\BookRental.Api.csproj", "{87036B34-A8D5-4D63-B94F-5BEBE5D7E9B8}"
EndProject
Project("{FAE04EC0-301F-11D3-BF4B-00C04F79EFBC}") = "LegacyPaymentProcessing", "LegacyPaymentProcessing\LegacyPaymentProcessing.csproj", "{1D81037C-F088-4A70-AC54-856FB6843C2D}"
EndProject
Global
	GlobalSection(SolutionConfigurationPlatforms) = preSolution
		Debug|Any CPU = Debug|Any CPU
		Release|Any CPU = Release|Any CPU
	EndGlobalSection
	GlobalSection(ProjectConfigurationPlatforms) = postSolution
		{87036B34-A8D5-4D63-B94F-5BEBE5D7E9B8}.Debug|Any CPU.ActiveCfg = Debug|Any CPU
		{87036B34-A8D5-4D63-B94F-5BEBE5D7E9B8}.Debug|Any CPU.Build.0 = Debug|Any CPU
		{87036B34-A8D5-4D63-B94F-5BEBE5D7E9B8}.Release|Any CPU.ActiveCfg = Release|Any CPU
		{87036B34-A8D5-4D63-B94F-5BEBE5D7E9B8}.Release|Any CPU.Build.0 = Release|Any CPU
		{1D81037C-F088-4A70-AC54-856FB6843C2D}.Debug|Any CPU.ActiveCfg = Debug|Any CPU
		{1D81037C-F088-4A70-AC54-856FB6843C2D}.Debug|Any CPU.Build.0 = Debug|Any CPU
		{1D81037C-F088-4A70-AC54-856FB6843C2D}.Release|Any CPU.ActiveCfg = Release|Any CPU
		{1D81037C-F088-4A70-AC54-856FB6843C2D}.Release|Any CPU.Build.0 = Release|Any CPU
	EndGlobalSection
EndGlobal
